// !$*UTF8*$!
{
	archiveVersion = 1;
	classes = {
	};
	objectVersion = 46;
	objects = {

/* Begin PBXBuildFile section */
		546D89341B854A4900DE0249 /* main.cpp in Sources */ = {isa = PBXBuildFile; fileRef = 546D89331B854A4900DE0249 /* main.cpp */; };
		546D893C1B854A9000DE0249 /* tetris.cpp in Sources */ = {isa = PBXBuildFile; fileRef = 546D893B1B854A9000DE0249 /* tetris.cpp */; };
/* End PBXBuildFile section */

/* Begin PBXCopyFilesBuildPhase section */
		546D892E1B854A4900DE0249 /* CopyFiles */ = {
			isa = PBXCopyFilesBuildPhase;
			buildActionMask = 2147483647;
			dstPath = /usr/share/man/man1/;
			dstSubfolderSpec = 0;
			files = (
			);
			runOnlyForDeploymentPostprocessing = 1;
		};
/* End PBXCopyFilesBuildPhase section */

/* Begin PBXFileReference section */
		546D89301B854A4900DE0249 /* Hwk3 */ = {isa = PBXFileReference; explicitFileType = "compiled.mach-o.executable"; includeInIndex = 0; path = Hwk3; sourceTree = BUILT_PRODUCTS_DIR; };
		546D89331B854A4900DE0249 /* main.cpp */ = {isa = PBXFileReference; lastKnownFileType = sourcecode.cpp.cpp; path = main.cpp; sourceTree = "<group>"; };
		546D893A1B854A6500DE0249 /* tetris.h */ = {isa = PBXFileReference; lastKnownFileType = sourcecode.c.h; path = tetris.h; sourceTree = "<group>"; };
		546D893B1B854A9000DE0249 /* tetris.cpp */ = {isa = PBXFileReference; fileEncoding = 4; lastKnownFileType = sourcecode.cpp.cpp; path = tetris.cpp; sourceTree = "<group>"; };
/* End PBXFileReference section */

/* Begin PBXFrameworksBuildPhase section */
		546D892D1B854A4900DE0249 /* Frameworks */ = {
			isa = PBXFrameworksBuildPhase;
			buildActionMask = 2147483647;
			files = (
			);
			runOnlyForDeploymentPostprocessing = 0;
		};
/* End PBXFrameworksBuildPhase section */

/* Begin PBXGroup section */
		546D89271B854A4900DE0249 = {
			isa = PBXGroup;
			children = (
				546D89321B854A4900DE0249 /* Hwk3 */,
				546D89311B854A4900DE0249 /* Products */,
			);
			sourceTree = "<group>";
		};
		546D89311B854A4900DE0249 /* Products */ = {
			isa = PBXGroup;
			children = (
				546D89301B854A4900DE0249 /* Hwk3 */,
			);
			name = Products;
			sourceTree = "<group>";
		};
		546D89321B854A4900DE0249 /* Hwk3 */ = {
			isa = PBXGroup;
			children = (
				546D89331B854A4900DE0249 /* main.cpp */,
				546D893A1B854A6500DE0249 /* tetris.h */,
				546D893B1B854A9000DE0249 /* tetris.cpp */,
			);
			path = Hwk3;
			sourceTree = "<group>";
		};
/* End PBXGroup section */

/* Begin PBXNativeTarget section */
		546D892F1B854A4900DE0249 /* Hwk3 */ = {
			isa = PBXNativeTarget;
			buildConfigurationList = 546D89371B854A4900DE0249 /* Build configuration list for PBXNativeTarget "Hwk3" */;
			buildPhases = (
				546D892C1B854A4900DE0249 /* Sources */,
				546D892D1B854A4900DE0249 /* Frameworks */,
				546D892E1B854A4900DE0249 /* CopyFiles */,
			);
			buildRules = (
			);
			dependencies = (
			);
			name = Hwk3;
			productName = Hwk3;
			productReference = 546D89301B854A4900DE0249 /* Hwk3 */;
			productType = "com.apple.product-type.tool";
		};
/* End PBXNativeTarget section */

/* Begin PBXProject section */
		546D89281B854A4900DE0249 /* Project object */ = {
			isa = PBXProject;
			attributes = {
				LastUpgradeCheck = 0640;
				ORGANIZATIONNAME = "Jeffrey Kayzerman";
				TargetAttributes = {
					546D892F1B854A4900DE0249 = {
						CreatedOnToolsVersion = 6.4;
					};
				};
			};
			buildConfigurationList = 546D892B1B854A4900DE0249 /* Build configuration list for PBXProject "Hwk3" */;
			compatibilityVersion = "Xcode 3.2";
			developmentRegion = English;
			hasScannedForEncodings = 0;
			knownRegions = (
				en,
			);
			mainGroup = 546D89271B854A4900DE0249;
			productRefGroup = 546D89311B854A4900DE0249 /* Products */;
			projectDirPath = "";
			projectRoot = "";
			targets = (
				546D892F1B854A4900DE0249 /* Hwk3 */,
			);
		};
/* End PBXProject section */

/* Begin PBXSourcesBuildPhase section */
		546D892C1B854A4900DE0249 /* Sources */ = {
			isa = PBXSourcesBuildPhase;
			buildActionMask = 2147483647;
			files = (
				546D893C1B854A9000DE0249 /* tetris.cpp in Sources */,
				546D89341B854A4900DE0249 /* main.cpp in Sources */,
			);
			runOnlyForDeploymentPostprocessing = 0;
		};
/* End PBXSourcesBuildPhase section */

/* Begin XCBuildConfiguration section */
		546D89351B854A4900DE0249 /* Debug */ = {
			isa = XCBuildConfiguration;
			buildSettings = {
				ALWAYS_SEARCH_USER_PATHS = NO;
				CLANG_CXX_LANGUAGE_STANDARD = "gnu++0x";
				CLANG_CXX_LIBRARY = "libc++";
				CLANG_ENABLE_MODULES = YES;
				CLANG_ENABLE_OBJC_ARC = YES;
				CLANG_WARN_BOOL_CONVERSION = YES;
				CLANG_WARN_CONSTANT_CONVERSION = YES;
				CLANG_WARN_DIRECT_OBJC_ISA_USAGE = YES_ERROR;
				CLANG_WARN_EMPTY_BODY = YES;
				CLANG_WARN_ENUM_CONVERSION = YES;
				CLANG_WARN_INT_CONVERSION = YES;
				CLANG_WARN_OBJC_ROOT_CLASS = YES_ERROR;
				CLANG_WARN_UNREACHABLE_CODE = YES;
				CLANG_WARN__DUPLICATE_METHOD_MATCH = YES;
				COPY_PHASE_STRIP = NO;
				DEBUG_INFORMATION_FORMAT = dwarf;
				ENABLE_STRICT_OBJC_MSGSEND = YES;
				GCC_C_LANGUAGE_STANDARD = gnu99;
				GCC_DYNAMIC_NO_PIC = NO;
				GCC_NO_COMMON_BLOCKS = YES;
				GCC_OPTIMIZATION_LEVEL = 0;
				GCC_PREPROCESSOR_DEFINITIONS = (
					"DEBUG=1",
					"$(inherited)",
				);
				GCC_SYMBOLS_PRIVATE_EXTERN = NO;
				GCC_WARN_64_TO_32_BIT_CONVERSION = YES;
				GCC_WARN_ABOUT_RETURN_TYPE = YES_ERROR;
				GCC_WARN_UNDECLARED_SELECTOR = YES;
				GCC_WARN_UNINITIALIZED_AUTOS = YES_AGGRESSIVE;
				GCC_WARN_UNUSED_FUNCTION = YES;
				GCC_WARN_UNUSED_VARIABLE = YES;
				MACOSX_DEPLOYMENT_TARGET = 10.10;
				MTL_ENABLE_DEBUG_INFO = YES;
				ONLY_ACTIVE_ARCH = YES;
				SDKROOT = macosx;
			};
			name = Debug;
		};
		546D89361B854A4900DE0249 /* Release */ = {
			isa = XCBuildConfiguration;
			buildSettings = {
				ALWAYS_SEARCH_USER_PATHS = NO;
				CLANG_CXX_LANGUAGE_STANDARD = "gnu++0x";
				CLANG_CXX_LIBRARY = "libc++";
				CLANG_ENABLE_MODULES = YES;
				CLANG_ENABLE_OBJC_ARC = YES;
				CLANG_WARN_BOOL_CONVERSION = YES;
				CLANG_WARN_CONSTANT_CONVERSION = YES;
				CLANG_WARN_DIRECT_OBJC_ISA_USAGE = YES_ERROR;
				CLANG_WARN_EMPTY_BODY = YES;
				CLANG_WARN_ENUM_CONVERSION = YES;
				CLANG_WARN_INT_CONVERSION = YES;
				CLANG_WARN_OBJC_ROOT_CLASS = YES_ERROR;
				CLANG_WARN_UNREACHABLE_CODE = YES;
				CLANG_WARN__DUPLICATE_METHOD_MATCH = YES;
				COPY_PHASE_STRIP = NO;
				DEBUG_INFORMATION_FORMAT = "dwarf-with-dsym";
				ENABLE_NS_ASSERTIONS = NO;
				ENABLE_STRICT_OBJC_MSGSEND = YES;
				GCC_C_LANGUAGE_STANDARD = gnu99;
				GCC_NO_COMMON_BLOCKS = YES;
				GCC_WARN_64_TO_32_BIT_CONVERSION = YES;
				GCC_WARN_ABOUT_RETURN_TYPE = YES_ERROR;
				GCC_WARN_UNDECLARED_SELECTOR = YES;
				GCC_WARN_UNINITIALIZED_AUTOS = YES_AGGRESSIVE;
				GCC_WARN_UNUSED_FUNCTION = YES;
				GCC_WARN_UNUSED_VARIABLE = YES;
				MACOSX_DEPLOYMENT_TARGET = 10.10;
				MTL_ENABLE_DEBUG_INFO = NO;
				SDKROOT = macosx;
			};
			name = Release;
		};
		546D89381B854A4900DE0249 /* Debug */ = {
			isa = XCBuildConfiguration;
			buildSettings = {
				PRODUCT_NAME = "$(TARGET_NAME)";
			};
			name = Debug;
		};
		546D89391B854A4900DE0249 /* Release */ = {
			isa = XCBuildConfiguration;
			buildSettings = {
				PRODUCT_NAME = "$(TARGET_NAME)";
			};
			name = Release;
		};
/* End XCBuildConfiguration section */

/* Begin XCConfigurationList section */
		546D892B1B854A4900DE0249 /* Build configuration list for PBXProject "Hwk3" */ = {
			isa = XCConfigurationList;
			buildConfigurations = (
				546D89351B854A4900DE0249 /* Debug */,
				546D89361B854A4900DE0249 /* Release */,
			);
			defaultConfigurationIsVisible = 0;
			defaultConfigurationName = Release;
		};
		546D89371B854A4900DE0249 /* Build configuration list for PBXNativeTarget "Hwk3" */ = {
			isa = XCConfigurationList;
			buildConfigurations = (
				546D89381B854A4900DE0249 /* Debug */,
				546D89391B854A4900DE0249 /* Release */,
			);
			defaultConfigurationIsVisible = 0;
			defaultConfigurationName = Release;
		};
/* End XCConfigurationList section */
	};
	rootObject = 546D89281B854A4900DE0249 /* Project object */;
}
